
Microsoft Visual Studio Solution File, Format Version 12.00
# Visual Studio Version 17
VisualStudioVersion = 17.10.34916.146
MinimumVisualStudioVersion = 10.0.40219.1
Project("{FAE04EC0-301F-11D3-BF4B-00C04F79EFBC}") = "AllHandsMaio2024", "AllHandsMaio2024\AllHandsMaio2024.csproj", "{A78FB8FB-84A3-4015-834E-95AF7F12E9B3}"
EndProject
Global
	GlobalSection(SolutionConfigurationPlatforms) = preSolution
		Debug|Any CPU = Debug|Any CPU
		Release|Any CPU = Release|Any CPU
	EndGlobalSection
	GlobalSection(ProjectConfigurationPlatforms) = postSolution
		{A78FB8FB-84A3-4015-834E-95AF7F12E9B3}.Debug|Any CPU.ActiveCfg = Debug|Any CPU
		{A78FB8FB-84A3-4015-834E-95AF7F12E9B3}.Debug|Any CPU.Build.0 = Debug|Any CPU
		{A78FB8FB-84A3-4015-834E-95AF7F12E9B3}.Release|Any CPU.ActiveCfg = Release|Any CPU
		{A78FB8FB-84A3-4015-834E-95AF7F12E9B3}.Release|Any CPU.Build.0 = Release|Any CPU
	EndGlobalSection
	GlobalSection(SolutionProperties) = preSolution
		HideSolutionNode = FALSE
	EndGlobalSection
	GlobalSection(ExtensibilityGlobals) = postSolution
		SolutionGuid = {9E44D801-0EE9-4C34-BA69-8C81885745B5}
	EndGlobalSection
EndGlobal
